
Microsoft Visual Studio Solution File, Format Version 12.00
# Visual Studio Version 17
VisualStudioVersion = 17.3.32825.248
MinimumVisualStudioVersion = 10.0.40219.1
Project("{9A19103F-16F7-4668-BE54-9A1E7A4F7556}") = "API", "API\API.csproj", "{AEDB3D3D-44C3-4409-8A08-336A01B35FA2}"
EndProject
Project("{9A19103F-16F7-4668-BE54-9A1E7A4F7556}") = "Application", "Application\Application.csproj", "{9444F656-7CA6-4BAC-A16B-E6F94240FA91}"
EndProject
Project("{9A19103F-16F7-4668-BE54-9A1E7A4F7556}") = "Domain", "Domain\Domain.csproj", "{9F52CBCD-D18B-4588-98A6-3B1CFCF2D046}"
EndProject
Project("{9A19103F-16F7-4668-BE54-9A1E7A4F7556}") = "Infrastructure", "Infrastructure\Infrastructure.csproj", "{8318F00A-D794-4F97-8082-4CCC0476D4E9}"
EndProject
Project("{9A19103F-16F7-4668-BE54-9A1E7A4F7556}") = "Contracts", "Contracts\Contracts.csproj", "{9C0FC5B0-A47E-4049-B363-6C5F63851DCC}"
EndProject
Project("{2150E333-8FDC-42A3-9474-1A3956D46DE8}") = "Docs", "Docs", "{892274A1-96BE-487D-9504-66E6CD7B1132}"
	ProjectSection(SolutionItems) = preProject
		API.md = API.md
	EndProjectSection
EndProject
Global
	GlobalSection(SolutionConfigurationPlatforms) = preSolution
		Debug|Any CPU = Debug|Any CPU
		Release|Any CPU = Release|Any CPU
	EndGlobalSection
	GlobalSection(ProjectConfigurationPlatforms) = postSolution
		{AEDB3D3D-44C3-4409-8A08-336A01B35FA2}.Debug|Any CPU.ActiveCfg = Debug|Any CPU
		{AEDB3D3D-44C3-4409-8A08-336A01B35FA2}.Debug|Any CPU.Build.0 = Debug|Any CPU
		{AEDB3D3D-44C3-4409-8A08-336A01B35FA2}.Release|Any CPU.ActiveCfg = Release|Any CPU
		{AEDB3D3D-44C3-4409-8A08-336A01B35FA2}.Release|Any CPU.Build.0 = Release|Any CPU
		{9444F656-7CA6-4BAC-A16B-E6F94240FA91}.Debug|Any CPU.ActiveCfg = Debug|Any CPU
		{9444F656-7CA6-4BAC-A16B-E6F94240FA91}.Debug|Any CPU.Build.0 = Debug|Any CPU
		{9444F656-7CA6-4BAC-A16B-E6F94240FA91}.Release|Any CPU.ActiveCfg = Release|Any CPU
		{9444F656-7CA6-4BAC-A16B-E6F94240FA91}.Release|Any CPU.Build.0 = Release|Any CPU
		{9F52CBCD-D18B-4588-98A6-3B1CFCF2D046}.Debug|Any CPU.ActiveCfg = Debug|Any CPU
		{9F52CBCD-D18B-4588-98A6-3B1CFCF2D046}.Debug|Any CPU.Build.0 = Debug|Any CPU
		{9F52CBCD-D18B-4588-98A6-3B1CFCF2D046}.Release|Any CPU.ActiveCfg = Release|Any CPU
		{9F52CBCD-D18B-4588-98A6-3B1CFCF2D046}.Release|Any CPU.Build.0 = Release|Any CPU
		{8318F00A-D794-4F97-8082-4CCC0476D4E9}.Debug|Any CPU.ActiveCfg = Debug|Any CPU
		{8318F00A-D794-4F97-8082-4CCC0476D4E9}.Debug|Any CPU.Build.0 = Debug|Any CPU
		{8318F00A-D794-4F97-8082-4CCC0476D4E9}.Release|Any CPU.ActiveCfg = Release|Any CPU
		{8318F00A-D794-4F97-8082-4CCC0476D4E9}.Release|Any CPU.Build.0 = Release|Any CPU
		{9C0FC5B0-A47E-4049-B363-6C5F63851DCC}.Debug|Any CPU.ActiveCfg = Debug|Any CPU
		{9C0FC5B0-A47E-4049-B363-6C5F63851DCC}.Debug|Any CPU.Build.0 = Debug|Any CPU
		{9C0FC5B0-A47E-4049-B363-6C5F63851DCC}.Release|Any CPU.ActiveCfg = Release|Any CPU
		{9C0FC5B0-A47E-4049-B363-6C5F63851DCC}.Release|Any CPU.Build.0 = Release|Any CPU
	EndGlobalSection
	GlobalSection(SolutionProperties) = preSolution
		HideSolutionNode = FALSE
	EndGlobalSection
	GlobalSection(ExtensibilityGlobals) = postSolution
		SolutionGuid = {93BC29FB-23A1-4E5B-8CEB-2CAE85F1C339}
	EndGlobalSection
EndGlobal
